// !$*UTF8*$!
{
	archiveVersion = 1;
	classes = {
	};
	objectVersion = 56;
	objects = {

/* Begin PBXBuildFile section */
		A255E63DA657B72C65A3E16D /* ContentView.swift in Sources */ = {isa = PBXBuildFile; fileRef = A255EDEFC5D640F9300F4A7E /* ContentView.swift */; };
		D91B7DAF294552B8006C77B8 /* SecureMessageApp.swift in Sources */ = {isa = PBXBuildFile; fileRef = D91B7DAE294552B8006C77B8 /* SecureMessageApp.swift */; };
		D91B7DB3294552B9006C77B8 /* Assets.xcassets in Resources */ = {isa = PBXBuildFile; fileRef = D91B7DB2294552B9006C77B8 /* Assets.xcassets */; };
		D91B7DB7294552B9006C77B8 /* Preview Assets.xcassets in Resources */ = {isa = PBXBuildFile; fileRef = D91B7DB6294552B9006C77B8 /* Preview Assets.xcassets */; };
		D9F5E29E29458192004C0D92 /* FirebaseAuth in Frameworks */ = {isa = PBXBuildFile; productRef = D9F5E29D29458192004C0D92 /* FirebaseAuth */; };
		D9F5E2A029458192004C0D92 /* FirebaseFirestore in Frameworks */ = {isa = PBXBuildFile; productRef = D9F5E29F29458192004C0D92 /* FirebaseFirestore */; };
		D9F5E2A329463102004C0D92 /* User.swift in Sources */ = {isa = PBXBuildFile; fileRef = D9F5E2A229463102004C0D92 /* User.swift */; };
		D9F5E2A529463126004C0D92 /* SessionStore.swift in Sources */ = {isa = PBXBuildFile; fileRef = D9F5E2A429463126004C0D92 /* SessionStore.swift */; };
		D9F5E2AF2946326F004C0D92 /* DebugView.swift in Sources */ = {isa = PBXBuildFile; fileRef = D9F5E2AD2946326F004C0D92 /* DebugView.swift */; };
		D9F5E2B02946326F004C0D92 /* DebugViewUsers.swift in Sources */ = {isa = PBXBuildFile; fileRef = D9F5E2AE2946326F004C0D92 /* DebugViewUsers.swift */; };
		D9F5E2B229463294004C0D92 /* StartView.swift in Sources */ = {isa = PBXBuildFile; fileRef = D9F5E2B129463294004C0D92 /* StartView.swift */; };
		D9F5E2B529463344004C0D92 /* FirebaseFirestoreSwift in Frameworks */ = {isa = PBXBuildFile; productRef = D9F5E2B429463344004C0D92 /* FirebaseFirestoreSwift */; };
		D9F5E2B8294668A9004C0D92 /* LoginView.swift in Sources */ = {isa = PBXBuildFile; fileRef = D9F5E2B7294668A9004C0D92 /* LoginView.swift */; };
		D9F5E2BA2946691A004C0D92 /* UserView.swift in Sources */ = {isa = PBXBuildFile; fileRef = D9F5E2B92946691A004C0D92 /* UserView.swift */; };
		D9F5E2BC2946692F004C0D92 /* ChatsView.swift in Sources */ = {isa = PBXBuildFile; fileRef = D9F5E2BB2946692F004C0D92 /* ChatsView.swift */; };
		D9F5E2BE29466DC2004C0D92 /* SignUpView.swift in Sources */ = {isa = PBXBuildFile; fileRef = D9F5E2BD29466DC2004C0D92 /* SignUpView.swift */; };
		D9F5E2C129469768004C0D92 /* DebugViewChat.swift in Sources */ = {isa = PBXBuildFile; fileRef = D9F5E2C029469768004C0D92 /* DebugViewChat.swift */; };
		D9F5E2C429469A22004C0D92 /* ChatBubble.swift in Sources */ = {isa = PBXBuildFile; fileRef = D9F5E2C329469A22004C0D92 /* ChatBubble.swift */; };
		D9F5E2C629469E63004C0D92 /* Message.swift in Sources */ = {isa = PBXBuildFile; fileRef = D9F5E2C529469E63004C0D92 /* Message.swift */; };
		D9F5E2CA2946A123004C0D92 /* FirebaseDatabase in Frameworks */ = {isa = PBXBuildFile; productRef = D9F5E2C92946A123004C0D92 /* FirebaseDatabase */; };
		D9F5E2CC2946A635004C0D92 /* GoogleService-Info.plist in Resources */ = {isa = PBXBuildFile; fileRef = D9F5E2CB2946A635004C0D92 /* GoogleService-Info.plist */; };
/* End PBXBuildFile section */

/* Begin PBXFileReference section */
		A255EDEFC5D640F9300F4A7E /* ContentView.swift */ = {isa = PBXFileReference; fileEncoding = 4; lastKnownFileType = sourcecode.swift; path = ContentView.swift; sourceTree = "<group>"; };
		D91B7DAB294552B8006C77B8 /* SecureMessage.app */ = {isa = PBXFileReference; explicitFileType = wrapper.application; includeInIndex = 0; path = SecureMessage.app; sourceTree = BUILT_PRODUCTS_DIR; };
		D91B7DAE294552B8006C77B8 /* SecureMessageApp.swift */ = {isa = PBXFileReference; lastKnownFileType = sourcecode.swift; path = SecureMessageApp.swift; sourceTree = "<group>"; };
		D91B7DB2294552B9006C77B8 /* Assets.xcassets */ = {isa = PBXFileReference; lastKnownFileType = folder.assetcatalog; path = Assets.xcassets; sourceTree = "<group>"; };
		D91B7DB4294552B9006C77B8 /* SecureMessage.entitlements */ = {isa = PBXFileReference; lastKnownFileType = text.plist.entitlements; path = SecureMessage.entitlements; sourceTree = "<group>"; };
		D91B7DB6294552B9006C77B8 /* Preview Assets.xcassets */ = {isa = PBXFileReference; lastKnownFileType = folder.assetcatalog; path = "Preview Assets.xcassets"; sourceTree = "<group>"; };
		D9F5E2A229463102004C0D92 /* User.swift */ = {isa = PBXFileReference; fileEncoding = 4; lastKnownFileType = sourcecode.swift; path = User.swift; sourceTree = "<group>"; };
		D9F5E2A429463126004C0D92 /* SessionStore.swift */ = {isa = PBXFileReference; fileEncoding = 4; lastKnownFileType = sourcecode.swift; path = SessionStore.swift; sourceTree = "<group>"; };
		D9F5E2AD2946326F004C0D92 /* DebugView.swift */ = {isa = PBXFileReference; fileEncoding = 4; lastKnownFileType = sourcecode.swift; path = DebugView.swift; sourceTree = "<group>"; };
		D9F5E2AE2946326F004C0D92 /* DebugViewUsers.swift */ = {isa = PBXFileReference; fileEncoding = 4; lastKnownFileType = sourcecode.swift; path = DebugViewUsers.swift; sourceTree = "<group>"; };
		D9F5E2B129463294004C0D92 /* StartView.swift */ = {isa = PBXFileReference; fileEncoding = 4; lastKnownFileType = sourcecode.swift; path = StartView.swift; sourceTree = "<group>"; };
		D9F5E2B7294668A9004C0D92 /* LoginView.swift */ = {isa = PBXFileReference; lastKnownFileType = sourcecode.swift; path = LoginView.swift; sourceTree = "<group>"; };
		D9F5E2B92946691A004C0D92 /* UserView.swift */ = {isa = PBXFileReference; lastKnownFileType = sourcecode.swift; path = UserView.swift; sourceTree = "<group>"; };
		D9F5E2BB2946692F004C0D92 /* ChatsView.swift */ = {isa = PBXFileReference; lastKnownFileType = sourcecode.swift; path = ChatsView.swift; sourceTree = "<group>"; };
		D9F5E2BD29466DC2004C0D92 /* SignUpView.swift */ = {isa = PBXFileReference; lastKnownFileType = sourcecode.swift; path = SignUpView.swift; sourceTree = "<group>"; };
		D9F5E2C029469768004C0D92 /* DebugViewChat.swift */ = {isa = PBXFileReference; lastKnownFileType = sourcecode.swift; path = DebugViewChat.swift; sourceTree = "<group>"; };
		D9F5E2C329469A22004C0D92 /* ChatBubble.swift */ = {isa = PBXFileReference; lastKnownFileType = sourcecode.swift; path = ChatBubble.swift; sourceTree = "<group>"; };
		D9F5E2C529469E63004C0D92 /* Message.swift */ = {isa = PBXFileReference; lastKnownFileType = sourcecode.swift; path = Message.swift; sourceTree = "<group>"; };
		D9F5E2CB2946A635004C0D92 /* GoogleService-Info.plist */ = {isa = PBXFileReference; fileEncoding = 4; lastKnownFileType = text.plist.xml; path = "GoogleService-Info.plist"; sourceTree = "<group>"; };
/* End PBXFileReference section */

/* Begin PBXFrameworksBuildPhase section */
		D91B7DA8294552B8006C77B8 /* Frameworks */ = {
			isa = PBXFrameworksBuildPhase;
			buildActionMask = 2147483647;
			files = (
				D9F5E29E29458192004C0D92 /* FirebaseAuth in Frameworks */,
				D9F5E2A029458192004C0D92 /* FirebaseFirestore in Frameworks */,
				D9F5E2CA2946A123004C0D92 /* FirebaseDatabase in Frameworks */,
				D9F5E2B529463344004C0D92 /* FirebaseFirestoreSwift in Frameworks */,
			);
			runOnlyForDeploymentPostprocessing = 0;
		};
/* End PBXFrameworksBuildPhase section */

/* Begin PBXGroup section */
		D91B7DA2294552B8006C77B8 = {
			isa = PBXGroup;
			children = (
				D91B7DAD294552B8006C77B8 /* SecureMessage */,
				D91B7DAC294552B8006C77B8 /* Products */,
				D9F5E2B329463344004C0D92 /* Frameworks */,
			);
			sourceTree = "<group>";
		};
		D91B7DAC294552B8006C77B8 /* Products */ = {
			isa = PBXGroup;
			children = (
				D91B7DAB294552B8006C77B8 /* SecureMessage.app */,
			);
			name = Products;
			sourceTree = "<group>";
		};
		D91B7DAD294552B8006C77B8 /* SecureMessage */ = {
			isa = PBXGroup;
			children = (
				D9F5E2CB2946A635004C0D92 /* GoogleService-Info.plist */,
				D9F5E294294580DE004C0D92 /* Application */,
				D9F5E2C229469A0D004C0D92 /* UI */,
				D9F5E29729458101004C0D92 /* Views */,
				D9F5E296294580FA004C0D92 /* ViewModel */,
				D9F5E295294580EB004C0D92 /* Domain */,
				D91B7DB5294552B9006C77B8 /* Preview Content */,
				D91B7DB2294552B9006C77B8 /* Assets.xcassets */,
				D91B7DB4294552B9006C77B8 /* SecureMessage.entitlements */,
			);
			path = SecureMessage;
			sourceTree = "<group>";
		};
		D91B7DB5294552B9006C77B8 /* Preview Content */ = {
			isa = PBXGroup;
			children = (
				D91B7DB6294552B9006C77B8 /* Preview Assets.xcassets */,
			);
			path = "Preview Content";
			sourceTree = "<group>";
		};
		D9F5E294294580DE004C0D92 /* Application */ = {
			isa = PBXGroup;
			children = (
				D91B7DAE294552B8006C77B8 /* SecureMessageApp.swift */,
			);
			path = Application;
			sourceTree = "<group>";
		};
		D9F5E295294580EB004C0D92 /* Domain */ = {
			isa = PBXGroup;
			children = (
				D9F5E2A1294630F3004C0D92 /* Entities */,
			);
			path = Domain;
			sourceTree = "<group>";
		};
		D9F5E296294580FA004C0D92 /* ViewModel */ = {
			isa = PBXGroup;
			children = (
				D9F5E2A429463126004C0D92 /* SessionStore.swift */,
			);
			path = ViewModel;
			sourceTree = "<group>";
		};
		D9F5E29729458101004C0D92 /* Views */ = {
			isa = PBXGroup;
			children = (
				D9F5E2BF29469759004C0D92 /* Chat */,
				D9F5E2B629466899004C0D92 /* User */,
				D9F5E2AC29463204004C0D92 /* DebugViews */,
				D9F5E2B129463294004C0D92 /* StartView.swift */,
				A255EDEFC5D640F9300F4A7E /* ContentView.swift */,
			);
			path = Views;
			sourceTree = "<group>";
		};
		D9F5E2A1294630F3004C0D92 /* Entities */ = {
			isa = PBXGroup;
			children = (
				D9F5E2A229463102004C0D92 /* User.swift */,
				D9F5E2C529469E63004C0D92 /* Message.swift */,
			);
			path = Entities;
			sourceTree = "<group>";
		};
		D9F5E2AC29463204004C0D92 /* DebugViews */ = {
			isa = PBXGroup;
			children = (
				D9F5E2AD2946326F004C0D92 /* DebugView.swift */,
				D9F5E2AE2946326F004C0D92 /* DebugViewUsers.swift */,
				D9F5E2C029469768004C0D92 /* DebugViewChat.swift */,
			);
			path = DebugViews;
			sourceTree = "<group>";
		};
		D9F5E2B329463344004C0D92 /* Frameworks */ = {
			isa = PBXGroup;
			children = (
			);
			name = Frameworks;
			sourceTree = "<group>";
		};
		D9F5E2B629466899004C0D92 /* User */ = {
			isa = PBXGroup;
			children = (
				D9F5E2B7294668A9004C0D92 /* LoginView.swift */,
				D9F5E2B92946691A004C0D92 /* UserView.swift */,
				D9F5E2BB2946692F004C0D92 /* ChatsView.swift */,
				D9F5E2BD29466DC2004C0D92 /* SignUpView.swift */,
			);
			path = User;
			sourceTree = "<group>";
		};
		D9F5E2BF29469759004C0D92 /* Chat */ = {
			isa = PBXGroup;
			children = (
			);
			path = Chat;
			sourceTree = "<group>";
		};
		D9F5E2C229469A0D004C0D92 /* UI */ = {
			isa = PBXGroup;
			children = (
				D9F5E2C329469A22004C0D92 /* ChatBubble.swift */,
			);
			path = UI;
			sourceTree = "<group>";
		};
/* End PBXGroup section */

/* Begin PBXNativeTarget section */
		D91B7DAA294552B8006C77B8 /* SecureMessage */ = {
			isa = PBXNativeTarget;
			buildConfigurationList = D91B7DBA294552B9006C77B8 /* Build configuration list for PBXNativeTarget "SecureMessage" */;
			buildPhases = (
				D91B7DA7294552B8006C77B8 /* Sources */,
				D91B7DA8294552B8006C77B8 /* Frameworks */,
				D91B7DA9294552B8006C77B8 /* Resources */,
			);
			buildRules = (
			);
			dependencies = (
			);
			name = SecureMessage;
			packageProductDependencies = (
				D9F5E29D29458192004C0D92 /* FirebaseAuth */,
				D9F5E29F29458192004C0D92 /* FirebaseFirestore */,
				D9F5E2B429463344004C0D92 /* FirebaseFirestoreSwift */,
				D9F5E2C92946A123004C0D92 /* FirebaseDatabase */,
			);
			productName = SecureMessage;
			productReference = D91B7DAB294552B8006C77B8 /* SecureMessage.app */;
			productType = "com.apple.product-type.application";
		};
/* End PBXNativeTarget section */

/* Begin PBXProject section */
		D91B7DA3294552B8006C77B8 /* Project object */ = {
			isa = PBXProject;
			attributes = {
				BuildIndependentTargetsInParallel = 1;
				LastSwiftUpdateCheck = 1410;
				LastUpgradeCheck = 1410;
				TargetAttributes = {
					D91B7DAA294552B8006C77B8 = {
						CreatedOnToolsVersion = 14.1;
					};
				};
			};
			buildConfigurationList = D91B7DA6294552B8006C77B8 /* Build configuration list for PBXProject "SecureMessage" */;
			compatibilityVersion = "Xcode 14.0";
			developmentRegion = en;
			hasScannedForEncodings = 0;
			knownRegions = (
				en,
				Base,
			);
			mainGroup = D91B7DA2294552B8006C77B8;
			packageReferences = (
				D9F5E29C29458192004C0D92 /* XCRemoteSwiftPackageReference "firebase-ios-sdk" */,
			);
			productRefGroup = D91B7DAC294552B8006C77B8 /* Products */;
			projectDirPath = "";
			projectRoot = "";
			targets = (
				D91B7DAA294552B8006C77B8 /* SecureMessage */,
			);
		};
/* End PBXProject section */

/* Begin PBXResourcesBuildPhase section */
		D91B7DA9294552B8006C77B8 /* Resources */ = {
			isa = PBXResourcesBuildPhase;
			buildActionMask = 2147483647;
			files = (
				D91B7DB7294552B9006C77B8 /* Preview Assets.xcassets in Resources */,
				D91B7DB3294552B9006C77B8 /* Assets.xcassets in Resources */,
				D9F5E2CC2946A635004C0D92 /* GoogleService-Info.plist in Resources */,
			);
			runOnlyForDeploymentPostprocessing = 0;
		};
/* End PBXResourcesBuildPhase section */

/* Begin PBXSourcesBuildPhase section */
		D91B7DA7294552B8006C77B8 /* Sources */ = {
			isa = PBXSourcesBuildPhase;
			buildActionMask = 2147483647;
			files = (
				D9F5E2A529463126004C0D92 /* SessionStore.swift in Sources */,
				D9F5E2C429469A22004C0D92 /* ChatBubble.swift in Sources */,
				D9F5E2AF2946326F004C0D92 /* DebugView.swift in Sources */,
				D9F5E2A329463102004C0D92 /* User.swift in Sources */,
				D9F5E2BC2946692F004C0D92 /* ChatsView.swift in Sources */,
				D9F5E2BE29466DC2004C0D92 /* SignUpView.swift in Sources */,
				D9F5E2B229463294004C0D92 /* StartView.swift in Sources */,
				D91B7DAF294552B8006C77B8 /* SecureMessageApp.swift in Sources */,
				D9F5E2B8294668A9004C0D92 /* LoginView.swift in Sources */,
				D9F5E2C129469768004C0D92 /* DebugViewChat.swift in Sources */,
				D9F5E2BA2946691A004C0D92 /* UserView.swift in Sources */,
				D9F5E2B02946326F004C0D92 /* DebugViewUsers.swift in Sources */,
				A255E63DA657B72C65A3E16D /* ContentView.swift in Sources */,
				D9F5E2C629469E63004C0D92 /* Message.swift in Sources */,
			);
			runOnlyForDeploymentPostprocessing = 0;
		};
/* End PBXSourcesBuildPhase section */

/* Begin XCBuildConfiguration section */
		D91B7DB8294552B9006C77B8 /* Debug */ = {
			isa = XCBuildConfiguration;
			buildSettings = {
				ALWAYS_SEARCH_USER_PATHS = NO;
				CLANG_ANALYZER_NONNULL = YES;
				CLANG_ANALYZER_NUMBER_OBJECT_CONVERSION = YES_AGGRESSIVE;
				CLANG_CXX_LANGUAGE_STANDARD = "gnu++20";
				CLANG_ENABLE_MODULES = YES;
				CLANG_ENABLE_OBJC_ARC = YES;
				CLANG_ENABLE_OBJC_WEAK = YES;
				CLANG_WARN_BLOCK_CAPTURE_AUTORELEASING = YES;
				CLANG_WARN_BOOL_CONVERSION = YES;
				CLANG_WARN_COMMA = YES;
				CLANG_WARN_CONSTANT_CONVERSION = YES;
				CLANG_WARN_DEPRECATED_OBJC_IMPLEMENTATIONS = YES;
				CLANG_WARN_DIRECT_OBJC_ISA_USAGE = YES_ERROR;
				CLANG_WARN_DOCUMENTATION_COMMENTS = YES;
				CLANG_WARN_EMPTY_BODY = YES;
				CLANG_WARN_ENUM_CONVERSION = YES;
				CLANG_WARN_INFINITE_RECURSION = YES;
				CLANG_WARN_INT_CONVERSION = YES;
				CLANG_WARN_NON_LITERAL_NULL_CONVERSION = YES;
				CLANG_WARN_OBJC_IMPLICIT_RETAIN_SELF = YES;
				CLANG_WARN_OBJC_LITERAL_CONVERSION = YES;
				CLANG_WARN_OBJC_ROOT_CLASS = YES_ERROR;
				CLANG_WARN_QUOTED_INCLUDE_IN_FRAMEWORK_HEADER = YES;
				CLANG_WARN_RANGE_LOOP_ANALYSIS = YES;
				CLANG_WARN_STRICT_PROTOTYPES = YES;
				CLANG_WARN_SUSPICIOUS_MOVE = YES;
				CLANG_WARN_UNGUARDED_AVAILABILITY = YES_AGGRESSIVE;
				CLANG_WARN_UNREACHABLE_CODE = YES;
				CLANG_WARN__DUPLICATE_METHOD_MATCH = YES;
				COPY_PHASE_STRIP = NO;
				DEBUG_INFORMATION_FORMAT = dwarf;
				ENABLE_STRICT_OBJC_MSGSEND = YES;
				ENABLE_TESTABILITY = YES;
				GCC_C_LANGUAGE_STANDARD = gnu11;
				GCC_DYNAMIC_NO_PIC = NO;
				GCC_NO_COMMON_BLOCKS = YES;
				GCC_OPTIMIZATION_LEVEL = 0;
				GCC_PREPROCESSOR_DEFINITIONS = (
					"DEBUG=1",
					"$(inherited)",
				);
				GCC_WARN_64_TO_32_BIT_CONVERSION = YES;
				GCC_WARN_ABOUT_RETURN_TYPE = YES_ERROR;
				GCC_WARN_UNDECLARED_SELECTOR = YES;
				GCC_WARN_UNINITIALIZED_AUTOS = YES_AGGRESSIVE;
				GCC_WARN_UNUSED_FUNCTION = YES;
				GCC_WARN_UNUSED_VARIABLE = YES;
				MTL_ENABLE_DEBUG_INFO = INCLUDE_SOURCE;
				MTL_FAST_MATH = YES;
				ONLY_ACTIVE_ARCH = YES;
				SWIFT_ACTIVE_COMPILATION_CONDITIONS = DEBUG;
				SWIFT_OPTIMIZATION_LEVEL = "-Onone";
			};
			name = Debug;
		};
		D91B7DB9294552B9006C77B8 /* Release */ = {
			isa = XCBuildConfiguration;
			buildSettings = {
				ALWAYS_SEARCH_USER_PATHS = NO;
				CLANG_ANALYZER_NONNULL = YES;
				CLANG_ANALYZER_NUMBER_OBJECT_CONVERSION = YES_AGGRESSIVE;
				CLANG_CXX_LANGUAGE_STANDARD = "gnu++20";
				CLANG_ENABLE_MODULES = YES;
				CLANG_ENABLE_OBJC_ARC = YES;
				CLANG_ENABLE_OBJC_WEAK = YES;
				CLANG_WARN_BLOCK_CAPTURE_AUTORELEASING = YES;
				CLANG_WARN_BOOL_CONVERSION = YES;
				CLANG_WARN_COMMA = YES;
				CLANG_WARN_CONSTANT_CONVERSION = YES;
				CLANG_WARN_DEPRECATED_OBJC_IMPLEMENTATIONS = YES;
				CLANG_WARN_DIRECT_OBJC_ISA_USAGE = YES_ERROR;
				CLANG_WARN_DOCUMENTATION_COMMENTS = YES;
				CLANG_WARN_EMPTY_BODY = YES;
				CLANG_WARN_ENUM_CONVERSION = YES;
				CLANG_WARN_INFINITE_RECURSION = YES;
				CLANG_WARN_INT_CONVERSION = YES;
				CLANG_WARN_NON_LITERAL_NULL_CONVERSION = YES;
				CLANG_WARN_OBJC_IMPLICIT_RETAIN_SELF = YES;
				CLANG_WARN_OBJC_LITERAL_CONVERSION = YES;
				CLANG_WARN_OBJC_ROOT_CLASS = YES_ERROR;
				CLANG_WARN_QUOTED_INCLUDE_IN_FRAMEWORK_HEADER = YES;
				CLANG_WARN_RANGE_LOOP_ANALYSIS = YES;
				CLANG_WARN_STRICT_PROTOTYPES = YES;
				CLANG_WARN_SUSPICIOUS_MOVE = YES;
				CLANG_WARN_UNGUARDED_AVAILABILITY = YES_AGGRESSIVE;
				CLANG_WARN_UNREACHABLE_CODE = YES;
				CLANG_WARN__DUPLICATE_METHOD_MATCH = YES;
				COPY_PHASE_STRIP = NO;
				DEBUG_INFORMATION_FORMAT = "dwarf-with-dsym";
				ENABLE_NS_ASSERTIONS = NO;
				ENABLE_STRICT_OBJC_MSGSEND = YES;
				GCC_C_LANGUAGE_STANDARD = gnu11;
				GCC_NO_COMMON_BLOCKS = YES;
				GCC_WARN_64_TO_32_BIT_CONVERSION = YES;
				GCC_WARN_ABOUT_RETURN_TYPE = YES_ERROR;
				GCC_WARN_UNDECLARED_SELECTOR = YES;
				GCC_WARN_UNINITIALIZED_AUTOS = YES_AGGRESSIVE;
				GCC_WARN_UNUSED_FUNCTION = YES;
				GCC_WARN_UNUSED_VARIABLE = YES;
				MTL_ENABLE_DEBUG_INFO = NO;
				MTL_FAST_MATH = YES;
				SWIFT_COMPILATION_MODE = wholemodule;
				SWIFT_OPTIMIZATION_LEVEL = "-O";
			};
			name = Release;
		};
		D91B7DBB294552B9006C77B8 /* Debug */ = {
			isa = XCBuildConfiguration;
			buildSettings = {
				ASSETCATALOG_COMPILER_APPICON_NAME = AppIcon;
				ASSETCATALOG_COMPILER_GLOBAL_ACCENT_COLOR_NAME = AccentColor;
				CODE_SIGN_ENTITLEMENTS = SecureMessage/SecureMessage.entitlements;
				CODE_SIGN_STYLE = Automatic;
				CURRENT_PROJECT_VERSION = 1;
				DEVELOPMENT_ASSET_PATHS = "\"SecureMessage/Preview Content\"";
				DEVELOPMENT_TEAM = 4RLX8VK4W9;
				ENABLE_HARDENED_RUNTIME = YES;
				ENABLE_PREVIEWS = YES;
				GENERATE_INFOPLIST_FILE = YES;
				"INFOPLIST_KEY_UIApplicationSceneManifest_Generation[sdk=iphoneos*]" = YES;
				"INFOPLIST_KEY_UIApplicationSceneManifest_Generation[sdk=iphonesimulator*]" = YES;
				"INFOPLIST_KEY_UIApplicationSupportsIndirectInputEvents[sdk=iphoneos*]" = YES;
				"INFOPLIST_KEY_UIApplicationSupportsIndirectInputEvents[sdk=iphonesimulator*]" = YES;
				"INFOPLIST_KEY_UILaunchScreen_Generation[sdk=iphoneos*]" = YES;
				"INFOPLIST_KEY_UILaunchScreen_Generation[sdk=iphonesimulator*]" = YES;
				"INFOPLIST_KEY_UIStatusBarStyle[sdk=iphoneos*]" = UIStatusBarStyleDefault;
				"INFOPLIST_KEY_UIStatusBarStyle[sdk=iphonesimulator*]" = UIStatusBarStyleDefault;
				INFOPLIST_KEY_UISupportedInterfaceOrientations_iPad = "UIInterfaceOrientationPortrait UIInterfaceOrientationPortraitUpsideDown UIInterfaceOrientationLandscapeLeft UIInterfaceOrientationLandscapeRight";
				INFOPLIST_KEY_UISupportedInterfaceOrientations_iPhone = "UIInterfaceOrientationPortrait UIInterfaceOrientationLandscapeLeft UIInterfaceOrientationLandscapeRight";
				IPHONEOS_DEPLOYMENT_TARGET = 16.1;
				LD_RUNPATH_SEARCH_PATHS = "@executable_path/Frameworks";
				"LD_RUNPATH_SEARCH_PATHS[sdk=macosx*]" = "@executable_path/../Frameworks";
				MACOSX_DEPLOYMENT_TARGET = 13.0;
				MARKETING_VERSION = 1.0;
				PRODUCT_BUNDLE_IDENTIFIER = me.jjlange.SecureMessage;
				PRODUCT_NAME = "$(TARGET_NAME)";
				SDKROOT = auto;
				SUPPORTED_PLATFORMS = "iphoneos iphonesimulator";
				SUPPORTS_MACCATALYST = NO;
				SUPPORTS_MAC_DESIGNED_FOR_IPHONE_IPAD = YES;
				SWIFT_EMIT_LOC_STRINGS = YES;
				SWIFT_VERSION = 5.0;
				TARGETED_DEVICE_FAMILY = "1,2";
			};
			name = Debug;
		};
		D91B7DBC294552B9006C77B8 /* Release */ = {
			isa = XCBuildConfiguration;
			buildSettings = {
				ASSETCATALOG_COMPILER_APPICON_NAME = AppIcon;
				ASSETCATALOG_COMPILER_GLOBAL_ACCENT_COLOR_NAME = AccentColor;
				CODE_SIGN_ENTITLEMENTS = SecureMessage/SecureMessage.entitlements;
				CODE_SIGN_STYLE = Automatic;
				CURRENT_PROJECT_VERSION = 1;
				DEVELOPMENT_ASSET_PATHS = "\"SecureMessage/Preview Content\"";
				DEVELOPMENT_TEAM = 4RLX8VK4W9;
				ENABLE_HARDENED_RUNTIME = YES;
				ENABLE_PREVIEWS = YES;
				GENERATE_INFOPLIST_FILE = YES;
				"INFOPLIST_KEY_UIApplicationSceneManifest_Generation[sdk=iphoneos*]" = YES;
				"INFOPLIST_KEY_UIApplicationSceneManifest_Generation[sdk=iphonesimulator*]" = YES;
				"INFOPLIST_KEY_UIApplicationSupportsIndirectInputEvents[sdk=iphoneos*]" = YES;
				"INFOPLIST_KEY_UIApplicationSupportsIndirectInputEvents[sdk=iphonesimulator*]" = YES;
				"INFOPLIST_KEY_UILaunchScreen_Generation[sdk=iphoneos*]" = YES;
				"INFOPLIST_KEY_UILaunchScreen_Generation[sdk=iphonesimulator*]" = YES;
				"INFOPLIST_KEY_UIStatusBarStyle[sdk=iphoneos*]" = UIStatusBarStyleDefault;
				"INFOPLIST_KEY_UIStatusBarStyle[sdk=iphonesimulator*]" = UIStatusBarStyleDefault;
				INFOPLIST_KEY_UISupportedInterfaceOrientations_iPad = "UIInterfaceOrientationPortrait UIInterfaceOrientationPortraitUpsideDown UIInterfaceOrientationLandscapeLeft UIInterfaceOrientationLandscapeRight";
				INFOPLIST_KEY_UISupportedInterfaceOrientations_iPhone = "UIInterfaceOrientationPortrait UIInterfaceOrientationLandscapeLeft UIInterfaceOrientationLandscapeRight";
				IPHONEOS_DEPLOYMENT_TARGET = 16.1;
				LD_RUNPATH_SEARCH_PATHS = "@executable_path/Frameworks";
				"LD_RUNPATH_SEARCH_PATHS[sdk=macosx*]" = "@executable_path/../Frameworks";
				MACOSX_DEPLOYMENT_TARGET = 13.0;
				MARKETING_VERSION = 1.0;
				PRODUCT_BUNDLE_IDENTIFIER = me.jjlange.SecureMessage;
				PRODUCT_NAME = "$(TARGET_NAME)";
				SDKROOT = auto;
				SUPPORTED_PLATFORMS = "iphoneos iphonesimulator";
				SUPPORTS_MACCATALYST = NO;
				SUPPORTS_MAC_DESIGNED_FOR_IPHONE_IPAD = YES;
				SWIFT_EMIT_LOC_STRINGS = YES;
				SWIFT_VERSION = 5.0;
				TARGETED_DEVICE_FAMILY = "1,2";
			};
			name = Release;
		};
/* End XCBuildConfiguration section */

/* Begin XCConfigurationList section */
		D91B7DA6294552B8006C77B8 /* Build configuration list for PBXProject "SecureMessage" */ = {
			isa = XCConfigurationList;
			buildConfigurations = (
				D91B7DB8294552B9006C77B8 /* Debug */,
				D91B7DB9294552B9006C77B8 /* Release */,
			);
			defaultConfigurationIsVisible = 0;
			defaultConfigurationName = Release;
		};
		D91B7DBA294552B9006C77B8 /* Build configuration list for PBXNativeTarget "SecureMessage" */ = {
			isa = XCConfigurationList;
			buildConfigurations = (
				D91B7DBB294552B9006C77B8 /* Debug */,
				D91B7DBC294552B9006C77B8 /* Release */,
			);
			defaultConfigurationIsVisible = 0;
			defaultConfigurationName = Release;
		};
/* End XCConfigurationList section */

/* Begin XCRemoteSwiftPackageReference section */
		D9F5E29C29458192004C0D92 /* XCRemoteSwiftPackageReference "firebase-ios-sdk" */ = {
			isa = XCRemoteSwiftPackageReference;
			repositoryURL = "https://github.com/firebase/firebase-ios-sdk";
			requirement = {
				kind = upToNextMajorVersion;
				minimumVersion = 9.0.0;
			};
		};
/* End XCRemoteSwiftPackageReference section */

/* Begin XCSwiftPackageProductDependency section */
		D9F5E29D29458192004C0D92 /* FirebaseAuth */ = {
			isa = XCSwiftPackageProductDependency;
			package = D9F5E29C29458192004C0D92 /* XCRemoteSwiftPackageReference "firebase-ios-sdk" */;
			productName = FirebaseAuth;
		};
		D9F5E29F29458192004C0D92 /* FirebaseFirestore */ = {
			isa = XCSwiftPackageProductDependency;
			package = D9F5E29C29458192004C0D92 /* XCRemoteSwiftPackageReference "firebase-ios-sdk" */;
			productName = FirebaseFirestore;
		};
		D9F5E2B429463344004C0D92 /* FirebaseFirestoreSwift */ = {
			isa = XCSwiftPackageProductDependency;
			package = D9F5E29C29458192004C0D92 /* XCRemoteSwiftPackageReference "firebase-ios-sdk" */;
			productName = FirebaseFirestoreSwift;
		};
		D9F5E2C92946A123004C0D92 /* FirebaseDatabase */ = {
			isa = XCSwiftPackageProductDependency;
			package = D9F5E29C29458192004C0D92 /* XCRemoteSwiftPackageReference "firebase-ios-sdk" */;
			productName = FirebaseDatabase;
		};
/* End XCSwiftPackageProductDependency section */
	};
	rootObject = D91B7DA3294552B8006C77B8 /* Project object */;
}
